{"is_source_file": false, "format": "", "description": "", "external_files": [], "external_methods": [], "published": [], "classes": [], "methods": [], "calls": [], "search-terms": [], "state": 2, "file_id": 11, "knowledge_revision": 16, "git_revision": "ade438384e05e0f013117e617eb16c3deb8e2fab", "hash": "9c4ed7ef73e22b872b8055bec08b8979", "format-version": 4, "code-base-name": "default", "filename": "aurasphere/post_process_status.lock", "revision_history": [{"16": "ade438384e05e0f013117e617eb16c3deb8e2fab"}]}